
Microsoft Visual Studio Solution File, Format Version 12.00
# Visual Studio Version 16
VisualStudioVersion = 16.0.32002.261
MinimumVisualStudioVersion = 10.0.40219.1
Project("{FAE04EC0-301F-11D3-BF4B-00C04F79EFBC}") = "homevork18may", "homevork18may\homevork18may.csproj", "{22BFFCA9-3EEA-4534-B019-8310BAB3389A}"
EndProject
Global
	GlobalSection(SolutionConfigurationPlatforms) = preSolution
		Debug|Any CPU = Debug|Any CPU
		Release|Any CPU = Release|Any CPU
	EndGlobalSection
	GlobalSection(ProjectConfigurationPlatforms) = postSolution
		{22BFFCA9-3EEA-4534-B019-8310BAB3389A}.Debug|Any CPU.ActiveCfg = Debug|Any CPU
		{22BFFCA9-3EEA-4534-B019-8310BAB3389A}.Debug|Any CPU.Build.0 = Debug|Any CPU
		{22BFFCA9-3EEA-4534-B019-8310BAB3389A}.Release|Any CPU.ActiveCfg = Release|Any CPU
		{22BFFCA9-3EEA-4534-B019-8310BAB3389A}.Release|Any CPU.Build.0 = Release|Any CPU
	EndGlobalSection
	GlobalSection(SolutionProperties) = preSolution
		HideSolutionNode = FALSE
	EndGlobalSection
	GlobalSection(ExtensibilityGlobals) = postSolution
		SolutionGuid = {BDBC69FA-EE20-4A8F-A82E-E1A60BEC8832}
	EndGlobalSection
EndGlobal
